
Microsoft Visual Studio Solution File, Format Version 12.00
# Visual Studio Version 17
VisualStudioVersion = 17.3.32819.101
MinimumVisualStudioVersion = 10.0.40219.1
Project("{FAE04EC0-301F-11D3-BF4B-00C04F79EFBC}") = "Atv.19", "Atv.19\Atv.19.csproj", "{FD291D80-D261-4363-A3A3-F74A2275232A}"
EndProject
Global
	GlobalSection(SolutionConfigurationPlatforms) = preSolution
		Debug|Any CPU = Debug|Any CPU
		Release|Any CPU = Release|Any CPU
	EndGlobalSection
	GlobalSection(ProjectConfigurationPlatforms) = postSolution
		{FD291D80-D261-4363-A3A3-F74A2275232A}.Debug|Any CPU.ActiveCfg = Debug|Any CPU
		{FD291D80-D261-4363-A3A3-F74A2275232A}.Debug|Any CPU.Build.0 = Debug|Any CPU
		{FD291D80-D261-4363-A3A3-F74A2275232A}.Release|Any CPU.ActiveCfg = Release|Any CPU
		{FD291D80-D261-4363-A3A3-F74A2275232A}.Release|Any CPU.Build.0 = Release|Any CPU
	EndGlobalSection
	GlobalSection(SolutionProperties) = preSolution
		HideSolutionNode = FALSE
	EndGlobalSection
	GlobalSection(ExtensibilityGlobals) = postSolution
		SolutionGuid = {128DBBD9-F573-4684-9B20-B2453839509A}
	EndGlobalSection
EndGlobal
