
Microsoft Visual Studio Solution File, Format Version 12.00
# Visual Studio Version 17
VisualStudioVersion = 17.3.32819.101
MinimumVisualStudioVersion = 10.0.40219.1
Project("{FAE04EC0-301F-11D3-BF4B-00C04F79EFBC}") = "questão.08", "questão.08\questão.08.csproj", "{0734045D-BEA2-46C7-B5E0-829DA7045144}"
EndProject
Global
	GlobalSection(SolutionConfigurationPlatforms) = preSolution
		Debug|Any CPU = Debug|Any CPU
		Release|Any CPU = Release|Any CPU
	EndGlobalSection
	GlobalSection(ProjectConfigurationPlatforms) = postSolution
		{0734045D-BEA2-46C7-B5E0-829DA7045144}.Debug|Any CPU.ActiveCfg = Debug|Any CPU
		{0734045D-BEA2-46C7-B5E0-829DA7045144}.Debug|Any CPU.Build.0 = Debug|Any CPU
		{0734045D-BEA2-46C7-B5E0-829DA7045144}.Release|Any CPU.ActiveCfg = Release|Any CPU
		{0734045D-BEA2-46C7-B5E0-829DA7045144}.Release|Any CPU.Build.0 = Release|Any CPU
	EndGlobalSection
	GlobalSection(SolutionProperties) = preSolution
		HideSolutionNode = FALSE
	EndGlobalSection
	GlobalSection(ExtensibilityGlobals) = postSolution
		SolutionGuid = {434C19BC-27E8-4E72-9C94-F3BF5B7BA924}
	EndGlobalSection
EndGlobal
