
Microsoft Visual Studio Solution File, Format Version 12.00
# Visual Studio Version 17
VisualStudioVersion = 17.3.32819.101
MinimumVisualStudioVersion = 10.0.40219.1
Project("{F184B08F-C81C-45F6-A57F-5ABD9991F28F}") = "qst.01", "qst.01\qst.01.vbproj", "{94B7D4DB-8850-4C79-9B61-68DA925549D4}"
EndProject
Global
	GlobalSection(SolutionConfigurationPlatforms) = preSolution
		Debug|Any CPU = Debug|Any CPU
		Release|Any CPU = Release|Any CPU
	EndGlobalSection
	GlobalSection(ProjectConfigurationPlatforms) = postSolution
		{94B7D4DB-8850-4C79-9B61-68DA925549D4}.Debug|Any CPU.ActiveCfg = Debug|Any CPU
		{94B7D4DB-8850-4C79-9B61-68DA925549D4}.Debug|Any CPU.Build.0 = Debug|Any CPU
		{94B7D4DB-8850-4C79-9B61-68DA925549D4}.Release|Any CPU.ActiveCfg = Release|Any CPU
		{94B7D4DB-8850-4C79-9B61-68DA925549D4}.Release|Any CPU.Build.0 = Release|Any CPU
	EndGlobalSection
	GlobalSection(SolutionProperties) = preSolution
		HideSolutionNode = FALSE
	EndGlobalSection
	GlobalSection(ExtensibilityGlobals) = postSolution
		SolutionGuid = {727DCF7E-E0CE-4551-9C82-8587D5051B39}
	EndGlobalSection
EndGlobal
